
Microsoft Visual Studio Solution File, Format Version 12.00
# Visual Studio 15
VisualStudioVersion = 15.0.28307.1433
MinimumVisualStudioVersion = 10.0.40219.1
Project("{8BC9CEB8-8B4A-11D0-8D11-00A0C91BC942}") = "datastructure", "datastructure\datastructure.vcxproj", "{F7A15586-38FE-444E-ADD7-854BE00AD31A}"
EndProject
Project("{8BC9CEB8-8B4A-11D0-8D11-00A0C91BC942}") = "lianbiaoxiti", "lianbiaoxiti\lianbiaoxiti.vcxproj", "{0AB710DC-133F-4B7D-AB7D-3A2E858C3C88}"
EndProject
Project("{8BC9CEB8-8B4A-11D0-8D11-00A0C91BC942}") = "day2", "day2\day2.vcxproj", "{5D97706A-5724-4C8E-831E-98E1348C3029}"
EndProject
Global
	GlobalSection(SolutionConfigurationPlatforms) = preSolution
		Debug|x64 = Debug|x64
		Debug|x86 = Debug|x86
		Release|x64 = Release|x64
		Release|x86 = Release|x86
	EndGlobalSection
	GlobalSection(ProjectConfigurationPlatforms) = postSolution
		{F7A15586-38FE-444E-ADD7-854BE00AD31A}.Debug|x64.ActiveCfg = Debug|x64
		{F7A15586-38FE-444E-ADD7-854BE00AD31A}.Debug|x64.Build.0 = Debug|x64
		{F7A15586-38FE-444E-ADD7-854BE00AD31A}.Debug|x86.ActiveCfg = Debug|Win32
		{F7A15586-38FE-444E-ADD7-854BE00AD31A}.Debug|x86.Build.0 = Debug|Win32
		{F7A15586-38FE-444E-ADD7-854BE00AD31A}.Release|x64.ActiveCfg = Release|x64
		{F7A15586-38FE-444E-ADD7-854BE00AD31A}.Release|x64.Build.0 = Release|x64
		{F7A15586-38FE-444E-ADD7-854BE00AD31A}.Release|x86.ActiveCfg = Release|Win32
		{F7A15586-38FE-444E-ADD7-854BE00AD31A}.Release|x86.Build.0 = Release|Win32
		{0AB710DC-133F-4B7D-AB7D-3A2E858C3C88}.Debug|x64.ActiveCfg = Debug|x64
		{0AB710DC-133F-4B7D-AB7D-3A2E858C3C88}.Debug|x64.Build.0 = Debug|x64
		{0AB710DC-133F-4B7D-AB7D-3A2E858C3C88}.Debug|x86.ActiveCfg = Debug|Win32
		{0AB710DC-133F-4B7D-AB7D-3A2E858C3C88}.Debug|x86.Build.0 = Debug|Win32
		{0AB710DC-133F-4B7D-AB7D-3A2E858C3C88}.Release|x64.ActiveCfg = Release|x64
		{0AB710DC-133F-4B7D-AB7D-3A2E858C3C88}.Release|x64.Build.0 = Release|x64
		{0AB710DC-133F-4B7D-AB7D-3A2E858C3C88}.Release|x86.ActiveCfg = Release|Win32
		{0AB710DC-133F-4B7D-AB7D-3A2E858C3C88}.Release|x86.Build.0 = Release|Win32
		{5D97706A-5724-4C8E-831E-98E1348C3029}.Debug|x64.ActiveCfg = Debug|x64
		{5D97706A-5724-4C8E-831E-98E1348C3029}.Debug|x64.Build.0 = Debug|x64
		{5D97706A-5724-4C8E-831E-98E1348C3029}.Debug|x86.ActiveCfg = Debug|Win32
		{5D97706A-5724-4C8E-831E-98E1348C3029}.Debug|x86.Build.0 = Debug|Win32
		{5D97706A-5724-4C8E-831E-98E1348C3029}.Release|x64.ActiveCfg = Release|x64
		{5D97706A-5724-4C8E-831E-98E1348C3029}.Release|x64.Build.0 = Release|x64
		{5D97706A-5724-4C8E-831E-98E1348C3029}.Release|x86.ActiveCfg = Release|Win32
		{5D97706A-5724-4C8E-831E-98E1348C3029}.Release|x86.Build.0 = Release|Win32
	EndGlobalSection
	GlobalSection(SolutionProperties) = preSolution
		HideSolutionNode = FALSE
	EndGlobalSection
	GlobalSection(ExtensibilityGlobals) = postSolution
		SolutionGuid = {6820F32F-64C0-437A-B82E-29AA2C462C3E}
	EndGlobalSection
EndGlobal
